{
  "name": "@www-cli-dev/core",
  "version": "1.0.4",
  "lockfileVersion": 3,
  "requires": true,
  "packages": {
    "": {
      "name": "@www-cli-dev/core",
      "version": "1.0.4",
      "license": "ISC",
      "dependencies": {
        "@www-cli-dev/log": "file:../../utils/log",
        "@www-cli-dev/utils": "file:../../utils/utils"
      },
      "bin": {
        "www-cli-dev": "bin/index.js"
      }
    },
    "../../utils/log": {
      "version": "1.0.4",
      "license": "ISC"
    },
    "../../utils/utils": {
      "version": "1.0.4",
      "license": "ISC"
    },
    "node_modules/@www-cli-dev/log": {
      "resolved": "../../utils/log",
      "link": true
    },
    "node_modules/@www-cli-dev/utils": {
      "resolved": "../../utils/utils",
      "link": true
    }
  }
}
