{
  "name": "@www-cli-dev/exec",
  "version": "1.0.0",
  "lockfileVersion": 3,
  "requires": true,
  "packages": {
    "": {
      "name": "@www-cli-dev/exec",
      "version": "1.0.0",
      "license": "ISC",
      "dependencies": {
        "@www-cli-dev/log": "file:../../utils/log",
        "@www-cli-dev/package": "file:../../modules/package"
      }
    },
    "../../modules/package": {
      "name": "@www-cli-dev/package",
      "version": "1.0.0",
      "license": "ISC"
    },
    "../../utils/log": {
      "name": "@www-cli-dev/log",
      "version": "1.0.4",
      "license": "ISC",
      "dependencies": {
        "npmlog": "^7.0.1"
      }
    },
    "node_modules/@www-cli-dev/log": {
      "resolved": "../../utils/log",
      "link": true
    },
    "node_modules/@www-cli-dev/package": {
      "resolved": "../../modules/package",
      "link": true
    }
  }
}
